// !$*UTF8*$!
{
	archiveVersion = 1;
	classes = {
	};
	objectVersion = 55;
	objects = {

/* Begin PBXBuildFile section */
		F453B60F27EAEB68006227E3 /* FuckingSwiftUIApp.swift in Sources */ = {isa = PBXBuildFile; fileRef = F453B60E27EAEB68006227E3 /* FuckingSwiftUIApp.swift */; };
		F453B61127EAEB68006227E3 /* ContentView.swift in Sources */ = {isa = PBXBuildFile; fileRef = F453B61027EAEB68006227E3 /* ContentView.swift */; };
		F453B61327EAEB69006227E3 /* Assets.xcassets in Resources */ = {isa = PBXBuildFile; fileRef = F453B61227EAEB69006227E3 /* Assets.xcassets */; };
		F453B61627EAEB69006227E3 /* Preview Assets.xcassets in Resources */ = {isa = PBXBuildFile; fileRef = F453B61527EAEB69006227E3 /* Preview Assets.xcassets */; };
		F453B61D27EAEBF7006227E3 /* ContentRow.swift in Sources */ = {isa = PBXBuildFile; fileRef = F453B61C27EAEBF7006227E3 /* ContentRow.swift */; };
		F453B62227EAEE70006227E3 /* View+NavigationLink.swift in Sources */ = {isa = PBXBuildFile; fileRef = F453B62127EAEE70006227E3 /* View+NavigationLink.swift */; };
		F453B62527EAEF9C006227E3 /* TextView.swift in Sources */ = {isa = PBXBuildFile; fileRef = F453B62427EAEF9C006227E3 /* TextView.swift */; };
		F453B62927EAF1AF006227E3 /* LabelView.swift in Sources */ = {isa = PBXBuildFile; fileRef = F453B62827EAF1AF006227E3 /* LabelView.swift */; };
		F453B62B27EAF43A006227E3 /* TextFieldView.swift in Sources */ = {isa = PBXBuildFile; fileRef = F453B62A27EAF43A006227E3 /* TextFieldView.swift */; };
		F453B62D27EAFBAE006227E3 /* View+HidenKeyBoard.swift in Sources */ = {isa = PBXBuildFile; fileRef = F453B62C27EAFBAE006227E3 /* View+HidenKeyBoard.swift */; };
		F453B62F27EAFE2F006227E3 /* TextEditorView.swift in Sources */ = {isa = PBXBuildFile; fileRef = F453B62E27EAFE2F006227E3 /* TextEditorView.swift */; };
		F453B68927EB19F8006227E3 /* ImageView.swift in Sources */ = {isa = PBXBuildFile; fileRef = F453B68827EB19F8006227E3 /* ImageView.swift */; };
		F453B68B27EB1F4A006227E3 /* ButtonView.swift in Sources */ = {isa = PBXBuildFile; fileRef = F453B68A27EB1F4A006227E3 /* ButtonView.swift */; };
		F45CE56927EC1166001F8ADF /* NavigationLinkView.swift in Sources */ = {isa = PBXBuildFile; fileRef = F45CE56827EC1166001F8ADF /* NavigationLinkView.swift */; };
		F45CE56B27EC13C2001F8ADF /* ToggleView.swift in Sources */ = {isa = PBXBuildFile; fileRef = F45CE56A27EC13C2001F8ADF /* ToggleView.swift */; };
		F45CE56D27EC18C0001F8ADF /* MapView.swift in Sources */ = {isa = PBXBuildFile; fileRef = F45CE56C27EC18C0001F8ADF /* MapView.swift */; };
		F45CE56F27EC33D4001F8ADF /* PickerView.swift in Sources */ = {isa = PBXBuildFile; fileRef = F45CE56E27EC33D4001F8ADF /* PickerView.swift */; };
		F45CE57127EC35B1001F8ADF /* DatePickerView.swift in Sources */ = {isa = PBXBuildFile; fileRef = F45CE57027EC35B1001F8ADF /* DatePickerView.swift */; };
		F45CE57327EC3991001F8ADF /* ProgressViewPage.swift in Sources */ = {isa = PBXBuildFile; fileRef = F45CE57227EC3991001F8ADF /* ProgressViewPage.swift */; };
		F45CE57527EC54DE001F8ADF /* SliderView.swift in Sources */ = {isa = PBXBuildFile; fileRef = F45CE57427EC54DE001F8ADF /* SliderView.swift */; };
		F45CE57727EC5DAD001F8ADF /* View+Size.swift in Sources */ = {isa = PBXBuildFile; fileRef = F45CE57627EC5DAD001F8ADF /* View+Size.swift */; };
		F45CE57927EC5E8F001F8ADF /* StepperView.swift in Sources */ = {isa = PBXBuildFile; fileRef = F45CE57827EC5E8F001F8ADF /* StepperView.swift */; };
		F45CE57B27EC60A9001F8ADF /* HStackView.swift in Sources */ = {isa = PBXBuildFile; fileRef = F45CE57A27EC60A9001F8ADF /* HStackView.swift */; };
		F45CE57D27EC621C001F8ADF /* VStackView.swift in Sources */ = {isa = PBXBuildFile; fileRef = F45CE57C27EC621C001F8ADF /* VStackView.swift */; };
		F45CE57F27EC647E001F8ADF /* Color+Random.swift in Sources */ = {isa = PBXBuildFile; fileRef = F45CE57E27EC647E001F8ADF /* Color+Random.swift */; };
		F45CE58127EC68EF001F8ADF /* ListView.swift in Sources */ = {isa = PBXBuildFile; fileRef = F45CE58027EC68EF001F8ADF /* ListView.swift */; };
		F45CE58327EC7138001F8ADF /* LazyH_VGridView.swift in Sources */ = {isa = PBXBuildFile; fileRef = F45CE58227EC7138001F8ADF /* LazyH_VGridView.swift */; };
		F4655D1F27ED51CD004CC3FD /* FormView.swift in Sources */ = {isa = PBXBuildFile; fileRef = F4655D1E27ED51CD004CC3FD /* FormView.swift */; };
		F4655D2127ED5399004CC3FD /* NavigationViewPage.swift in Sources */ = {isa = PBXBuildFile; fileRef = F4655D2027ED5399004CC3FD /* NavigationViewPage.swift */; };
		F4655D2327ED57D9004CC3FD /* TabViewPage.swift in Sources */ = {isa = PBXBuildFile; fileRef = F4655D2227ED57D9004CC3FD /* TabViewPage.swift */; };
		F4655D2527ED6195004CC3FD /* AlertView.swift in Sources */ = {isa = PBXBuildFile; fileRef = F4655D2427ED6195004CC3FD /* AlertView.swift */; };
		F4655D2727ED63FD004CC3FD /* SheetView.swift in Sources */ = {isa = PBXBuildFile; fileRef = F4655D2627ED63FD004CC3FD /* SheetView.swift */; };
		F4655D2927ED64FF004CC3FD /* ConfirmationDialogView.swift in Sources */ = {isa = PBXBuildFile; fileRef = F4655D2827ED64FF004CC3FD /* ConfirmationDialogView.swift */; };
		F4655D2B27ED6AC1004CC3FD /* ActivityIndicatorView.swift in Sources */ = {isa = PBXBuildFile; fileRef = F4655D2A27ED6AC1004CC3FD /* ActivityIndicatorView.swift */; };
		F4655D2F27ED6C7A004CC3FD /* BlurView.swift in Sources */ = {isa = PBXBuildFile; fileRef = F4655D2E27ED6C7A004CC3FD /* BlurView.swift */; };
		F4655D3127ED6DB7004CC3FD /* ImagePicker.swift in Sources */ = {isa = PBXBuildFile; fileRef = F4655D3027ED6DB7004CC3FD /* ImagePicker.swift */; };
/* End PBXBuildFile section */

/* Begin PBXFileReference section */
		F453B60B27EAEB68006227E3 /* FuckingSwiftUI.app */ = {isa = PBXFileReference; explicitFileType = wrapper.application; includeInIndex = 0; path = FuckingSwiftUI.app; sourceTree = BUILT_PRODUCTS_DIR; };
		F453B60E27EAEB68006227E3 /* FuckingSwiftUIApp.swift */ = {isa = PBXFileReference; lastKnownFileType = sourcecode.swift; path = FuckingSwiftUIApp.swift; sourceTree = "<group>"; };
		F453B61027EAEB68006227E3 /* ContentView.swift */ = {isa = PBXFileReference; lastKnownFileType = sourcecode.swift; path = ContentView.swift; sourceTree = "<group>"; };
		F453B61227EAEB69006227E3 /* Assets.xcassets */ = {isa = PBXFileReference; lastKnownFileType = folder.assetcatalog; path = Assets.xcassets; sourceTree = "<group>"; };
		F453B61527EAEB69006227E3 /* Preview Assets.xcassets */ = {isa = PBXFileReference; lastKnownFileType = folder.assetcatalog; path = "Preview Assets.xcassets"; sourceTree = "<group>"; };
		F453B61C27EAEBF7006227E3 /* ContentRow.swift */ = {isa = PBXFileReference; lastKnownFileType = sourcecode.swift; path = ContentRow.swift; sourceTree = "<group>"; };
		F453B62127EAEE70006227E3 /* View+NavigationLink.swift */ = {isa = PBXFileReference; lastKnownFileType = sourcecode.swift; path = "View+NavigationLink.swift"; sourceTree = "<group>"; };
		F453B62427EAEF9C006227E3 /* TextView.swift */ = {isa = PBXFileReference; lastKnownFileType = sourcecode.swift; path = TextView.swift; sourceTree = "<group>"; };
		F453B62827EAF1AF006227E3 /* LabelView.swift */ = {isa = PBXFileReference; lastKnownFileType = sourcecode.swift; path = LabelView.swift; sourceTree = "<group>"; };
		F453B62A27EAF43A006227E3 /* TextFieldView.swift */ = {isa = PBXFileReference; lastKnownFileType = sourcecode.swift; path = TextFieldView.swift; sourceTree = "<group>"; };
		F453B62C27EAFBAE006227E3 /* View+HidenKeyBoard.swift */ = {isa = PBXFileReference; lastKnownFileType = sourcecode.swift; path = "View+HidenKeyBoard.swift"; sourceTree = "<group>"; };
		F453B62E27EAFE2F006227E3 /* TextEditorView.swift */ = {isa = PBXFileReference; lastKnownFileType = sourcecode.swift; path = TextEditorView.swift; sourceTree = "<group>"; };
		F453B68827EB19F8006227E3 /* ImageView.swift */ = {isa = PBXFileReference; lastKnownFileType = sourcecode.swift; path = ImageView.swift; sourceTree = "<group>"; };
		F453B68A27EB1F4A006227E3 /* ButtonView.swift */ = {isa = PBXFileReference; lastKnownFileType = sourcecode.swift; path = ButtonView.swift; sourceTree = "<group>"; };
		F45CE56827EC1166001F8ADF /* NavigationLinkView.swift */ = {isa = PBXFileReference; lastKnownFileType = sourcecode.swift; path = NavigationLinkView.swift; sourceTree = "<group>"; };
		F45CE56A27EC13C2001F8ADF /* ToggleView.swift */ = {isa = PBXFileReference; lastKnownFileType = sourcecode.swift; path = ToggleView.swift; sourceTree = "<group>"; };
		F45CE56C27EC18C0001F8ADF /* MapView.swift */ = {isa = PBXFileReference; lastKnownFileType = sourcecode.swift; path = MapView.swift; sourceTree = "<group>"; };
		F45CE56E27EC33D4001F8ADF /* PickerView.swift */ = {isa = PBXFileReference; lastKnownFileType = sourcecode.swift; path = PickerView.swift; sourceTree = "<group>"; };
		F45CE57027EC35B1001F8ADF /* DatePickerView.swift */ = {isa = PBXFileReference; lastKnownFileType = sourcecode.swift; path = DatePickerView.swift; sourceTree = "<group>"; };
		F45CE57227EC3991001F8ADF /* ProgressViewPage.swift */ = {isa = PBXFileReference; lastKnownFileType = sourcecode.swift; path = ProgressViewPage.swift; sourceTree = "<group>"; };
		F45CE57427EC54DE001F8ADF /* SliderView.swift */ = {isa = PBXFileReference; lastKnownFileType = sourcecode.swift; path = SliderView.swift; sourceTree = "<group>"; };
		F45CE57627EC5DAD001F8ADF /* View+Size.swift */ = {isa = PBXFileReference; lastKnownFileType = sourcecode.swift; path = "View+Size.swift"; sourceTree = "<group>"; };
		F45CE57827EC5E8F001F8ADF /* StepperView.swift */ = {isa = PBXFileReference; lastKnownFileType = sourcecode.swift; path = StepperView.swift; sourceTree = "<group>"; };
		F45CE57A27EC60A9001F8ADF /* HStackView.swift */ = {isa = PBXFileReference; lastKnownFileType = sourcecode.swift; path = HStackView.swift; sourceTree = "<group>"; };
		F45CE57C27EC621C001F8ADF /* VStackView.swift */ = {isa = PBXFileReference; lastKnownFileType = sourcecode.swift; path = VStackView.swift; sourceTree = "<group>"; };
		F45CE57E27EC647E001F8ADF /* Color+Random.swift */ = {isa = PBXFileReference; lastKnownFileType = sourcecode.swift; path = "Color+Random.swift"; sourceTree = "<group>"; };
		F45CE58027EC68EF001F8ADF /* ListView.swift */ = {isa = PBXFileReference; lastKnownFileType = sourcecode.swift; path = ListView.swift; sourceTree = "<group>"; };
		F45CE58227EC7138001F8ADF /* LazyH_VGridView.swift */ = {isa = PBXFileReference; lastKnownFileType = sourcecode.swift; path = LazyH_VGridView.swift; sourceTree = "<group>"; };
		F4655D1E27ED51CD004CC3FD /* FormView.swift */ = {isa = PBXFileReference; lastKnownFileType = sourcecode.swift; path = FormView.swift; sourceTree = "<group>"; };
		F4655D2027ED5399004CC3FD /* NavigationViewPage.swift */ = {isa = PBXFileReference; lastKnownFileType = sourcecode.swift; path = NavigationViewPage.swift; sourceTree = "<group>"; };
		F4655D2227ED57D9004CC3FD /* TabViewPage.swift */ = {isa = PBXFileReference; lastKnownFileType = sourcecode.swift; path = TabViewPage.swift; sourceTree = "<group>"; };
		F4655D2427ED6195004CC3FD /* AlertView.swift */ = {isa = PBXFileReference; lastKnownFileType = sourcecode.swift; path = AlertView.swift; sourceTree = "<group>"; };
		F4655D2627ED63FD004CC3FD /* SheetView.swift */ = {isa = PBXFileReference; lastKnownFileType = sourcecode.swift; path = SheetView.swift; sourceTree = "<group>"; };
		F4655D2827ED64FF004CC3FD /* ConfirmationDialogView.swift */ = {isa = PBXFileReference; lastKnownFileType = sourcecode.swift; path = ConfirmationDialogView.swift; sourceTree = "<group>"; };
		F4655D2A27ED6AC1004CC3FD /* ActivityIndicatorView.swift */ = {isa = PBXFileReference; lastKnownFileType = sourcecode.swift; path = ActivityIndicatorView.swift; sourceTree = "<group>"; };
		F4655D2E27ED6C7A004CC3FD /* BlurView.swift */ = {isa = PBXFileReference; lastKnownFileType = sourcecode.swift; path = BlurView.swift; sourceTree = "<group>"; };
		F4655D3027ED6DB7004CC3FD /* ImagePicker.swift */ = {isa = PBXFileReference; lastKnownFileType = sourcecode.swift; path = ImagePicker.swift; sourceTree = "<group>"; };
/* End PBXFileReference section */

/* Begin PBXFrameworksBuildPhase section */
		F453B60827EAEB68006227E3 /* Frameworks */ = {
			isa = PBXFrameworksBuildPhase;
			buildActionMask = 2147483647;
			files = (
			);
			runOnlyForDeploymentPostprocessing = 0;
		};
/* End PBXFrameworksBuildPhase section */

/* Begin PBXGroup section */
		F453B60227EAEB68006227E3 = {
			isa = PBXGroup;
			children = (
				F453B60D27EAEB68006227E3 /* FuckingSwiftUI */,
				F453B60C27EAEB68006227E3 /* Products */,
			);
			sourceTree = "<group>";
		};
		F453B60C27EAEB68006227E3 /* Products */ = {
			isa = PBXGroup;
			children = (
				F453B60B27EAEB68006227E3 /* FuckingSwiftUI.app */,
			);
			name = Products;
			sourceTree = "<group>";
		};
		F453B60D27EAEB68006227E3 /* FuckingSwiftUI */ = {
			isa = PBXGroup;
			children = (
				F453B60E27EAEB68006227E3 /* FuckingSwiftUIApp.swift */,
				F453B61027EAEB68006227E3 /* ContentView.swift */,
				F453B61C27EAEBF7006227E3 /* ContentRow.swift */,
				F453B62327EAEF89006227E3 /* Views */,
				F453B62027EAEE61006227E3 /* Extension */,
				F453B61227EAEB69006227E3 /* Assets.xcassets */,
				F453B61427EAEB69006227E3 /* Preview Content */,
			);
			path = FuckingSwiftUI;
			sourceTree = "<group>";
		};
		F453B61427EAEB69006227E3 /* Preview Content */ = {
			isa = PBXGroup;
			children = (
				F453B61527EAEB69006227E3 /* Preview Assets.xcassets */,
			);
			path = "Preview Content";
			sourceTree = "<group>";
		};
		F453B62027EAEE61006227E3 /* Extension */ = {
			isa = PBXGroup;
			children = (
				F453B62127EAEE70006227E3 /* View+NavigationLink.swift */,
				F453B62C27EAFBAE006227E3 /* View+HidenKeyBoard.swift */,
				F45CE57627EC5DAD001F8ADF /* View+Size.swift */,
				F45CE57E27EC647E001F8ADF /* Color+Random.swift */,
			);
			path = Extension;
			sourceTree = "<group>";
		};
		F453B62327EAEF89006227E3 /* Views */ = {
			isa = PBXGroup;
			children = (
				F453B62427EAEF9C006227E3 /* TextView.swift */,
				F453B62827EAF1AF006227E3 /* LabelView.swift */,
				F453B62A27EAF43A006227E3 /* TextFieldView.swift */,
				F453B62E27EAFE2F006227E3 /* TextEditorView.swift */,
				F453B68827EB19F8006227E3 /* ImageView.swift */,
				F453B68A27EB1F4A006227E3 /* ButtonView.swift */,
				F45CE56827EC1166001F8ADF /* NavigationLinkView.swift */,
				F45CE56A27EC13C2001F8ADF /* ToggleView.swift */,
				F45CE56C27EC18C0001F8ADF /* MapView.swift */,
				F45CE56E27EC33D4001F8ADF /* PickerView.swift */,
				F45CE57027EC35B1001F8ADF /* DatePickerView.swift */,
				F45CE57227EC3991001F8ADF /* ProgressViewPage.swift */,
				F45CE57427EC54DE001F8ADF /* SliderView.swift */,
				F45CE57827EC5E8F001F8ADF /* StepperView.swift */,
				F45CE57A27EC60A9001F8ADF /* HStackView.swift */,
				F45CE57C27EC621C001F8ADF /* VStackView.swift */,
				F45CE58027EC68EF001F8ADF /* ListView.swift */,
				F45CE58227EC7138001F8ADF /* LazyH_VGridView.swift */,
				F4655D1E27ED51CD004CC3FD /* FormView.swift */,
				F4655D2027ED5399004CC3FD /* NavigationViewPage.swift */,
				F4655D2227ED57D9004CC3FD /* TabViewPage.swift */,
				F4655D2427ED6195004CC3FD /* AlertView.swift */,
				F4655D2627ED63FD004CC3FD /* SheetView.swift */,
				F4655D2827ED64FF004CC3FD /* ConfirmationDialogView.swift */,
				F4655D2A27ED6AC1004CC3FD /* ActivityIndicatorView.swift */,
				F4655D2E27ED6C7A004CC3FD /* BlurView.swift */,
				F4655D3027ED6DB7004CC3FD /* ImagePicker.swift */,
			);
			path = Views;
			sourceTree = "<group>";
		};
/* End PBXGroup section */

/* Begin PBXNativeTarget section */
		F453B60A27EAEB68006227E3 /* FuckingSwiftUI */ = {
			isa = PBXNativeTarget;
			buildConfigurationList = F453B61927EAEB69006227E3 /* Build configuration list for PBXNativeTarget "FuckingSwiftUI" */;
			buildPhases = (
				F453B60727EAEB68006227E3 /* Sources */,
				F453B60827EAEB68006227E3 /* Frameworks */,
				F453B60927EAEB68006227E3 /* Resources */,
			);
			buildRules = (
			);
			dependencies = (
			);
			name = FuckingSwiftUI;
			productName = FuckingSwiftUI;
			productReference = F453B60B27EAEB68006227E3 /* FuckingSwiftUI.app */;
			productType = "com.apple.product-type.application";
		};
/* End PBXNativeTarget section */

/* Begin PBXProject section */
		F453B60327EAEB68006227E3 /* Project object */ = {
			isa = PBXProject;
			attributes = {
				BuildIndependentTargetsInParallel = 1;
				LastSwiftUpdateCheck = 1330;
				LastUpgradeCheck = 1330;
				TargetAttributes = {
					F453B60A27EAEB68006227E3 = {
						CreatedOnToolsVersion = 13.3;
					};
				};
			};
			buildConfigurationList = F453B60627EAEB68006227E3 /* Build configuration list for PBXProject "FuckingSwiftUI" */;
			compatibilityVersion = "Xcode 13.0";
			developmentRegion = en;
			hasScannedForEncodings = 0;
			knownRegions = (
				en,
				Base,
			);
			mainGroup = F453B60227EAEB68006227E3;
			productRefGroup = F453B60C27EAEB68006227E3 /* Products */;
			projectDirPath = "";
			projectRoot = "";
			targets = (
				F453B60A27EAEB68006227E3 /* FuckingSwiftUI */,
			);
		};
/* End PBXProject section */

/* Begin PBXResourcesBuildPhase section */
		F453B60927EAEB68006227E3 /* Resources */ = {
			isa = PBXResourcesBuildPhase;
			buildActionMask = 2147483647;
			files = (
				F453B61627EAEB69006227E3 /* Preview Assets.xcassets in Resources */,
				F453B61327EAEB69006227E3 /* Assets.xcassets in Resources */,
			);
			runOnlyForDeploymentPostprocessing = 0;
		};
/* End PBXResourcesBuildPhase section */

/* Begin PBXSourcesBuildPhase section */
		F453B60727EAEB68006227E3 /* Sources */ = {
			isa = PBXSourcesBuildPhase;
			buildActionMask = 2147483647;
			files = (
				F4655D1F27ED51CD004CC3FD /* FormView.swift in Sources */,
				F45CE56927EC1166001F8ADF /* NavigationLinkView.swift in Sources */,
				F45CE57B27EC60A9001F8ADF /* HStackView.swift in Sources */,
				F4655D3127ED6DB7004CC3FD /* ImagePicker.swift in Sources */,
				F453B68927EB19F8006227E3 /* ImageView.swift in Sources */,
				F453B62227EAEE70006227E3 /* View+NavigationLink.swift in Sources */,
				F45CE57527EC54DE001F8ADF /* SliderView.swift in Sources */,
				F453B62B27EAF43A006227E3 /* TextFieldView.swift in Sources */,
				F4655D2927ED64FF004CC3FD /* ConfirmationDialogView.swift in Sources */,
				F453B62D27EAFBAE006227E3 /* View+HidenKeyBoard.swift in Sources */,
				F45CE57927EC5E8F001F8ADF /* StepperView.swift in Sources */,
				F45CE58127EC68EF001F8ADF /* ListView.swift in Sources */,
				F453B61D27EAEBF7006227E3 /* ContentRow.swift in Sources */,
				F4655D2327ED57D9004CC3FD /* TabViewPage.swift in Sources */,
				F45CE57127EC35B1001F8ADF /* DatePickerView.swift in Sources */,
				F45CE57F27EC647E001F8ADF /* Color+Random.swift in Sources */,
				F453B61127EAEB68006227E3 /* ContentView.swift in Sources */,
				F45CE57327EC3991001F8ADF /* ProgressViewPage.swift in Sources */,
				F45CE56D27EC18C0001F8ADF /* MapView.swift in Sources */,
				F45CE56F27EC33D4001F8ADF /* PickerView.swift in Sources */,
				F45CE57D27EC621C001F8ADF /* VStackView.swift in Sources */,
				F453B68B27EB1F4A006227E3 /* ButtonView.swift in Sources */,
				F45CE58327EC7138001F8ADF /* LazyH_VGridView.swift in Sources */,
				F4655D2127ED5399004CC3FD /* NavigationViewPage.swift in Sources */,
				F4655D2727ED63FD004CC3FD /* SheetView.swift in Sources */,
				F45CE57727EC5DAD001F8ADF /* View+Size.swift in Sources */,
				F453B60F27EAEB68006227E3 /* FuckingSwiftUIApp.swift in Sources */,
				F4655D2F27ED6C7A004CC3FD /* BlurView.swift in Sources */,
				F453B62F27EAFE2F006227E3 /* TextEditorView.swift in Sources */,
				F4655D2B27ED6AC1004CC3FD /* ActivityIndicatorView.swift in Sources */,
				F453B62527EAEF9C006227E3 /* TextView.swift in Sources */,
				F4655D2527ED6195004CC3FD /* AlertView.swift in Sources */,
				F453B62927EAF1AF006227E3 /* LabelView.swift in Sources */,
				F45CE56B27EC13C2001F8ADF /* ToggleView.swift in Sources */,
			);
			runOnlyForDeploymentPostprocessing = 0;
		};
/* End PBXSourcesBuildPhase section */

/* Begin XCBuildConfiguration section */
		F453B61727EAEB69006227E3 /* Debug */ = {
			isa = XCBuildConfiguration;
			buildSettings = {
				ALWAYS_SEARCH_USER_PATHS = NO;
				CLANG_ANALYZER_NONNULL = YES;
				CLANG_ANALYZER_NUMBER_OBJECT_CONVERSION = YES_AGGRESSIVE;
				CLANG_CXX_LANGUAGE_STANDARD = "gnu++17";
				CLANG_ENABLE_MODULES = YES;
				CLANG_ENABLE_OBJC_ARC = YES;
				CLANG_ENABLE_OBJC_WEAK = YES;
				CLANG_WARN_BLOCK_CAPTURE_AUTORELEASING = YES;
				CLANG_WARN_BOOL_CONVERSION = YES;
				CLANG_WARN_COMMA = YES;
				CLANG_WARN_CONSTANT_CONVERSION = YES;
				CLANG_WARN_DEPRECATED_OBJC_IMPLEMENTATIONS = YES;
				CLANG_WARN_DIRECT_OBJC_ISA_USAGE = YES_ERROR;
				CLANG_WARN_DOCUMENTATION_COMMENTS = YES;
				CLANG_WARN_EMPTY_BODY = YES;
				CLANG_WARN_ENUM_CONVERSION = YES;
				CLANG_WARN_INFINITE_RECURSION = YES;
				CLANG_WARN_INT_CONVERSION = YES;
				CLANG_WARN_NON_LITERAL_NULL_CONVERSION = YES;
				CLANG_WARN_OBJC_IMPLICIT_RETAIN_SELF = YES;
				CLANG_WARN_OBJC_LITERAL_CONVERSION = YES;
				CLANG_WARN_OBJC_ROOT_CLASS = YES_ERROR;
				CLANG_WARN_QUOTED_INCLUDE_IN_FRAMEWORK_HEADER = YES;
				CLANG_WARN_RANGE_LOOP_ANALYSIS = YES;
				CLANG_WARN_STRICT_PROTOTYPES = YES;
				CLANG_WARN_SUSPICIOUS_MOVE = YES;
				CLANG_WARN_UNGUARDED_AVAILABILITY = YES_AGGRESSIVE;
				CLANG_WARN_UNREACHABLE_CODE = YES;
				CLANG_WARN__DUPLICATE_METHOD_MATCH = YES;
				COPY_PHASE_STRIP = NO;
				DEBUG_INFORMATION_FORMAT = dwarf;
				ENABLE_STRICT_OBJC_MSGSEND = YES;
				ENABLE_TESTABILITY = YES;
				GCC_C_LANGUAGE_STANDARD = gnu11;
				GCC_DYNAMIC_NO_PIC = NO;
				GCC_NO_COMMON_BLOCKS = YES;
				GCC_OPTIMIZATION_LEVEL = 0;
				GCC_PREPROCESSOR_DEFINITIONS = (
					"DEBUG=1",
					"$(inherited)",
				);
				GCC_WARN_64_TO_32_BIT_CONVERSION = YES;
				GCC_WARN_ABOUT_RETURN_TYPE = YES_ERROR;
				GCC_WARN_UNDECLARED_SELECTOR = YES;
				GCC_WARN_UNINITIALIZED_AUTOS = YES_AGGRESSIVE;
				GCC_WARN_UNUSED_FUNCTION = YES;
				GCC_WARN_UNUSED_VARIABLE = YES;
				IPHONEOS_DEPLOYMENT_TARGET = 15.4;
				MTL_ENABLE_DEBUG_INFO = INCLUDE_SOURCE;
				MTL_FAST_MATH = YES;
				ONLY_ACTIVE_ARCH = YES;
				SDKROOT = iphoneos;
				SWIFT_ACTIVE_COMPILATION_CONDITIONS = DEBUG;
				SWIFT_OPTIMIZATION_LEVEL = "-Onone";
			};
			name = Debug;
		};
		F453B61827EAEB69006227E3 /* Release */ = {
			isa = XCBuildConfiguration;
			buildSettings = {
				ALWAYS_SEARCH_USER_PATHS = NO;
				CLANG_ANALYZER_NONNULL = YES;
				CLANG_ANALYZER_NUMBER_OBJECT_CONVERSION = YES_AGGRESSIVE;
				CLANG_CXX_LANGUAGE_STANDARD = "gnu++17";
				CLANG_ENABLE_MODULES = YES;
				CLANG_ENABLE_OBJC_ARC = YES;
				CLANG_ENABLE_OBJC_WEAK = YES;
				CLANG_WARN_BLOCK_CAPTURE_AUTORELEASING = YES;
				CLANG_WARN_BOOL_CONVERSION = YES;
				CLANG_WARN_COMMA = YES;
				CLANG_WARN_CONSTANT_CONVERSION = YES;
				CLANG_WARN_DEPRECATED_OBJC_IMPLEMENTATIONS = YES;
				CLANG_WARN_DIRECT_OBJC_ISA_USAGE = YES_ERROR;
				CLANG_WARN_DOCUMENTATION_COMMENTS = YES;
				CLANG_WARN_EMPTY_BODY = YES;
				CLANG_WARN_ENUM_CONVERSION = YES;
				CLANG_WARN_INFINITE_RECURSION = YES;
				CLANG_WARN_INT_CONVERSION = YES;
				CLANG_WARN_NON_LITERAL_NULL_CONVERSION = YES;
				CLANG_WARN_OBJC_IMPLICIT_RETAIN_SELF = YES;
				CLANG_WARN_OBJC_LITERAL_CONVERSION = YES;
				CLANG_WARN_OBJC_ROOT_CLASS = YES_ERROR;
				CLANG_WARN_QUOTED_INCLUDE_IN_FRAMEWORK_HEADER = YES;
				CLANG_WARN_RANGE_LOOP_ANALYSIS = YES;
				CLANG_WARN_STRICT_PROTOTYPES = YES;
				CLANG_WARN_SUSPICIOUS_MOVE = YES;
				CLANG_WARN_UNGUARDED_AVAILABILITY = YES_AGGRESSIVE;
				CLANG_WARN_UNREACHABLE_CODE = YES;
				CLANG_WARN__DUPLICATE_METHOD_MATCH = YES;
				COPY_PHASE_STRIP = NO;
				DEBUG_INFORMATION_FORMAT = "dwarf-with-dsym";
				ENABLE_NS_ASSERTIONS = NO;
				ENABLE_STRICT_OBJC_MSGSEND = YES;
				GCC_C_LANGUAGE_STANDARD = gnu11;
				GCC_NO_COMMON_BLOCKS = YES;
				GCC_WARN_64_TO_32_BIT_CONVERSION = YES;
				GCC_WARN_ABOUT_RETURN_TYPE = YES_ERROR;
				GCC_WARN_UNDECLARED_SELECTOR = YES;
				GCC_WARN_UNINITIALIZED_AUTOS = YES_AGGRESSIVE;
				GCC_WARN_UNUSED_FUNCTION = YES;
				GCC_WARN_UNUSED_VARIABLE = YES;
				IPHONEOS_DEPLOYMENT_TARGET = 15.4;
				MTL_ENABLE_DEBUG_INFO = NO;
				MTL_FAST_MATH = YES;
				SDKROOT = iphoneos;
				SWIFT_COMPILATION_MODE = wholemodule;
				SWIFT_OPTIMIZATION_LEVEL = "-O";
				VALIDATE_PRODUCT = YES;
			};
			name = Release;
		};
		F453B61A27EAEB69006227E3 /* Debug */ = {
			isa = XCBuildConfiguration;
			buildSettings = {
				ASSETCATALOG_COMPILER_APPICON_NAME = AppIcon;
				ASSETCATALOG_COMPILER_GLOBAL_ACCENT_COLOR_NAME = AccentColor;
				CODE_SIGN_STYLE = Automatic;
				CURRENT_PROJECT_VERSION = 1;
				DEVELOPMENT_ASSET_PATHS = "\"FuckingSwiftUI/Preview Content\"";
				DEVELOPMENT_TEAM = 5MEUQ98276;
				ENABLE_PREVIEWS = YES;
				GENERATE_INFOPLIST_FILE = YES;
				INFOPLIST_KEY_UIApplicationSceneManifest_Generation = YES;
				INFOPLIST_KEY_UIApplicationSupportsIndirectInputEvents = YES;
				INFOPLIST_KEY_UILaunchScreen_Generation = YES;
				INFOPLIST_KEY_UISupportedInterfaceOrientations_iPad = "UIInterfaceOrientationPortrait UIInterfaceOrientationPortraitUpsideDown UIInterfaceOrientationLandscapeLeft UIInterfaceOrientationLandscapeRight";
				INFOPLIST_KEY_UISupportedInterfaceOrientations_iPhone = "UIInterfaceOrientationPortrait UIInterfaceOrientationLandscapeLeft UIInterfaceOrientationLandscapeRight";
				LD_RUNPATH_SEARCH_PATHS = (
					"$(inherited)",
					"@executable_path/Frameworks",
				);
				MARKETING_VERSION = 1.0;
				PRODUCT_BUNDLE_IDENTIFIER = com.mlm.FuckingSwiftUI;
				PRODUCT_NAME = "$(TARGET_NAME)";
				SWIFT_EMIT_LOC_STRINGS = YES;
				SWIFT_VERSION = 5.0;
				TARGETED_DEVICE_FAMILY = "1,2";
			};
			name = Debug;
		};
		F453B61B27EAEB69006227E3 /* Release */ = {
			isa = XCBuildConfiguration;
			buildSettings = {
				ASSETCATALOG_COMPILER_APPICON_NAME = AppIcon;
				ASSETCATALOG_COMPILER_GLOBAL_ACCENT_COLOR_NAME = AccentColor;
				CODE_SIGN_STYLE = Automatic;
				CURRENT_PROJECT_VERSION = 1;
				DEVELOPMENT_ASSET_PATHS = "\"FuckingSwiftUI/Preview Content\"";
				DEVELOPMENT_TEAM = 5MEUQ98276;
				ENABLE_PREVIEWS = YES;
				GENERATE_INFOPLIST_FILE = YES;
				INFOPLIST_KEY_UIApplicationSceneManifest_Generation = YES;
				INFOPLIST_KEY_UIApplicationSupportsIndirectInputEvents = YES;
				INFOPLIST_KEY_UILaunchScreen_Generation = YES;
				INFOPLIST_KEY_UISupportedInterfaceOrientations_iPad = "UIInterfaceOrientationPortrait UIInterfaceOrientationPortraitUpsideDown UIInterfaceOrientationLandscapeLeft UIInterfaceOrientationLandscapeRight";
				INFOPLIST_KEY_UISupportedInterfaceOrientations_iPhone = "UIInterfaceOrientationPortrait UIInterfaceOrientationLandscapeLeft UIInterfaceOrientationLandscapeRight";
				LD_RUNPATH_SEARCH_PATHS = (
					"$(inherited)",
					"@executable_path/Frameworks",
				);
				MARKETING_VERSION = 1.0;
				PRODUCT_BUNDLE_IDENTIFIER = com.mlm.FuckingSwiftUI;
				PRODUCT_NAME = "$(TARGET_NAME)";
				SWIFT_EMIT_LOC_STRINGS = YES;
				SWIFT_VERSION = 5.0;
				TARGETED_DEVICE_FAMILY = "1,2";
			};
			name = Release;
		};
/* End XCBuildConfiguration section */

/* Begin XCConfigurationList section */
		F453B60627EAEB68006227E3 /* Build configuration list for PBXProject "FuckingSwiftUI" */ = {
			isa = XCConfigurationList;
			buildConfigurations = (
				F453B61727EAEB69006227E3 /* Debug */,
				F453B61827EAEB69006227E3 /* Release */,
			);
			defaultConfigurationIsVisible = 0;
			defaultConfigurationName = Release;
		};
		F453B61927EAEB69006227E3 /* Build configuration list for PBXNativeTarget "FuckingSwiftUI" */ = {
			isa = XCConfigurationList;
			buildConfigurations = (
				F453B61A27EAEB69006227E3 /* Debug */,
				F453B61B27EAEB69006227E3 /* Release */,
			);
			defaultConfigurationIsVisible = 0;
			defaultConfigurationName = Release;
		};
/* End XCConfigurationList section */
	};
	rootObject = F453B60327EAEB68006227E3 /* Project object */;
}
